// !$*UTF8*$!
{
	archiveVersion = 1;
	classes = {
	};
	objectVersion = 56;
	objects = {

/* Begin PBXBuildFile section */
		0C1C04032BFFDF8700C6C542 /* AboutView.swift in Sources */ = {isa = PBXBuildFile; fileRef = 0C1C04022BFFDF8700C6C542 /* AboutView.swift */; };
		0C1C04052C007F1D00C6C542 /* HelpView.swift in Sources */ = {isa = PBXBuildFile; fileRef = 0C1C04042C007F1D00C6C542 /* HelpView.swift */; };
		0C5467D32B80FDA60004AE45 /* CardGradients.swift in Sources */ = {isa = PBXBuildFile; fileRef = 0C5467D22B80FDA60004AE45 /* CardGradients.swift */; };
		0C8715422B62F18F005F2557 /* WordItem.swift in Sources */ = {isa = PBXBuildFile; fileRef = 0C8715412B62F18F005F2557 /* WordItem.swift */; };
		0C8715442B62F1D8005F2557 /* ChooseWordsView.swift in Sources */ = {isa = PBXBuildFile; fileRef = 0C8715432B62F1D8005F2557 /* ChooseWordsView.swift */; };
		0C8715482B63EF58005F2557 /* ChooseReasonView.swift in Sources */ = {isa = PBXBuildFile; fileRef = 0C8715472B63EF58005F2557 /* ChooseReasonView.swift */; };
		0C9756B12B13DBAB00F2A236 /* FeelingCardsApp.swift in Sources */ = {isa = PBXBuildFile; fileRef = 0C9756B02B13DBAB00F2A236 /* FeelingCardsApp.swift */; };
		0C9756B32B13DBAB00F2A236 /* ContentView.swift in Sources */ = {isa = PBXBuildFile; fileRef = 0C9756B22B13DBAB00F2A236 /* ContentView.swift */; };
		0C9756B52B13DBAD00F2A236 /* Assets.xcassets in Resources */ = {isa = PBXBuildFile; fileRef = 0C9756B42B13DBAD00F2A236 /* Assets.xcassets */; };
		0C9756B82B13DBAD00F2A236 /* Preview Assets.xcassets in Resources */ = {isa = PBXBuildFile; fileRef = 0C9756B72B13DBAD00F2A236 /* Preview Assets.xcassets */; };
		0C9756C12B13DC1300F2A236 /* Card.swift in Sources */ = {isa = PBXBuildFile; fileRef = 0C9756C02B13DC1300F2A236 /* Card.swift */; };
		0C9756C32B13DC4800F2A236 /* AnalyticsView.swift in Sources */ = {isa = PBXBuildFile; fileRef = 0C9756C22B13DC4800F2A236 /* AnalyticsView.swift */; };
		0C9756C52B13DC5100F2A236 /* CardsView.swift in Sources */ = {isa = PBXBuildFile; fileRef = 0C9756C42B13DC5100F2A236 /* CardsView.swift */; };
		0C9756C72B13DC5600F2A236 /* CardView.swift in Sources */ = {isa = PBXBuildFile; fileRef = 0C9756C62B13DC5600F2A236 /* CardView.swift */; };
		0C9756C92B13DC5900F2A236 /* HistoryView.swift in Sources */ = {isa = PBXBuildFile; fileRef = 0C9756C82B13DC5900F2A236 /* HistoryView.swift */; };
		0C9756CC2B13E63F00F2A236 /* DateUtility.swift in Sources */ = {isa = PBXBuildFile; fileRef = 0C9756CB2B13E63F00F2A236 /* DateUtility.swift */; };
		0C9756CE2B13E9D000F2A236 /* CardDetails.swift in Sources */ = {isa = PBXBuildFile; fileRef = 0C9756CD2B13E9D000F2A236 /* CardDetails.swift */; };
		0C9756D12B13EFB400F2A236 /* CardColours.swift in Sources */ = {isa = PBXBuildFile; fileRef = 0C9756D02B13EFB400F2A236 /* CardColours.swift */; };
		0C9756D32B13F51600F2A236 /* ChooseScoreView.swift in Sources */ = {isa = PBXBuildFile; fileRef = 0C9756D22B13F51600F2A236 /* ChooseScoreView.swift */; };
		0C9756D52B1401F600F2A236 /* SampleCards.swift in Sources */ = {isa = PBXBuildFile; fileRef = 0C9756D42B1401F600F2A236 /* SampleCards.swift */; };
		0CCEB4B82B5BD2E20070FF1A /* ShareView.swift in Sources */ = {isa = PBXBuildFile; fileRef = 0CCEB4B72B5BD2E20070FF1A /* ShareView.swift */; };
		0CCEB4BA2B5BFA890070FF1A /* SettingsView.swift in Sources */ = {isa = PBXBuildFile; fileRef = 0CCEB4B92B5BFA890070FF1A /* SettingsView.swift */; };
		0CDFF90C2BF2963400C02417 /* Launch Screen.storyboard in Resources */ = {isa = PBXBuildFile; fileRef = 0CDFF90B2BF2963400C02417 /* Launch Screen.storyboard */; };
		0CDFF9102BF7B5EC00C02417 /* FlowLayout.swift in Sources */ = {isa = PBXBuildFile; fileRef = 0CDFF90F2BF7B5EC00C02417 /* FlowLayout.swift */; };
		0CDFF9122BF7FA4C00C02417 /* MoodLogManager.swift in Sources */ = {isa = PBXBuildFile; fileRef = 0CDFF9112BF7FA4C00C02417 /* MoodLogManager.swift */; };
		0CDFF9142BF7FCDF00C02417 /* AppDelegate.swift in Sources */ = {isa = PBXBuildFile; fileRef = 0CDFF9132BF7FCDF00C02417 /* AppDelegate.swift */; };
		0CE6F4BD2BB35731001C4AB3 /* Theme.swift in Sources */ = {isa = PBXBuildFile; fileRef = 0CE6F4BC2BB35731001C4AB3 /* Theme.swift */; };
		0CFF09042BFE70B200F3F7F7 /* SplashScreenView.swift in Sources */ = {isa = PBXBuildFile; fileRef = 0CFF09032BFE70B200F3F7F7 /* SplashScreenView.swift */; };
/* End PBXBuildFile section */

/* Begin PBXFileReference section */
		0C1C04022BFFDF8700C6C542 /* AboutView.swift */ = {isa = PBXFileReference; lastKnownFileType = sourcecode.swift; path = AboutView.swift; sourceTree = "<group>"; };
		0C1C04042C007F1D00C6C542 /* HelpView.swift */ = {isa = PBXFileReference; lastKnownFileType = sourcecode.swift; path = HelpView.swift; sourceTree = "<group>"; };
		0C5467D22B80FDA60004AE45 /* CardGradients.swift */ = {isa = PBXFileReference; lastKnownFileType = sourcecode.swift; path = CardGradients.swift; sourceTree = "<group>"; };
		0C8715412B62F18F005F2557 /* WordItem.swift */ = {isa = PBXFileReference; lastKnownFileType = sourcecode.swift; path = WordItem.swift; sourceTree = "<group>"; };
		0C8715432B62F1D8005F2557 /* ChooseWordsView.swift */ = {isa = PBXFileReference; lastKnownFileType = sourcecode.swift; path = ChooseWordsView.swift; sourceTree = "<group>"; };
		0C8715472B63EF58005F2557 /* ChooseReasonView.swift */ = {isa = PBXFileReference; lastKnownFileType = sourcecode.swift; path = ChooseReasonView.swift; sourceTree = "<group>"; };
		0C9756AD2B13DBAB00F2A236 /* FeelingCards.app */ = {isa = PBXFileReference; explicitFileType = wrapper.application; includeInIndex = 0; path = FeelingCards.app; sourceTree = BUILT_PRODUCTS_DIR; };
		0C9756B02B13DBAB00F2A236 /* FeelingCardsApp.swift */ = {isa = PBXFileReference; lastKnownFileType = sourcecode.swift; path = FeelingCardsApp.swift; sourceTree = "<group>"; };
		0C9756B22B13DBAB00F2A236 /* ContentView.swift */ = {isa = PBXFileReference; lastKnownFileType = sourcecode.swift; path = ContentView.swift; sourceTree = "<group>"; };
		0C9756B42B13DBAD00F2A236 /* Assets.xcassets */ = {isa = PBXFileReference; lastKnownFileType = folder.assetcatalog; path = Assets.xcassets; sourceTree = "<group>"; };
		0C9756B72B13DBAD00F2A236 /* Preview Assets.xcassets */ = {isa = PBXFileReference; lastKnownFileType = folder.assetcatalog; path = "Preview Assets.xcassets"; sourceTree = "<group>"; };
		0C9756C02B13DC1300F2A236 /* Card.swift */ = {isa = PBXFileReference; fileEncoding = 4; lastKnownFileType = sourcecode.swift; path = Card.swift; sourceTree = "<group>"; };
		0C9756C22B13DC4800F2A236 /* AnalyticsView.swift */ = {isa = PBXFileReference; fileEncoding = 4; lastKnownFileType = sourcecode.swift; path = AnalyticsView.swift; sourceTree = "<group>"; };
		0C9756C42B13DC5100F2A236 /* CardsView.swift */ = {isa = PBXFileReference; fileEncoding = 4; lastKnownFileType = sourcecode.swift; path = CardsView.swift; sourceTree = "<group>"; };
		0C9756C62B13DC5600F2A236 /* CardView.swift */ = {isa = PBXFileReference; fileEncoding = 4; lastKnownFileType = sourcecode.swift; path = CardView.swift; sourceTree = "<group>"; };
		0C9756C82B13DC5900F2A236 /* HistoryView.swift */ = {isa = PBXFileReference; fileEncoding = 4; lastKnownFileType = sourcecode.swift; path = HistoryView.swift; sourceTree = "<group>"; };
		0C9756CB2B13E63F00F2A236 /* DateUtility.swift */ = {isa = PBXFileReference; lastKnownFileType = sourcecode.swift; path = DateUtility.swift; sourceTree = "<group>"; };
		0C9756CD2B13E9D000F2A236 /* CardDetails.swift */ = {isa = PBXFileReference; lastKnownFileType = sourcecode.swift; path = CardDetails.swift; sourceTree = "<group>"; };
		0C9756D02B13EFB400F2A236 /* CardColours.swift */ = {isa = PBXFileReference; lastKnownFileType = sourcecode.swift; path = CardColours.swift; sourceTree = "<group>"; };
		0C9756D22B13F51600F2A236 /* ChooseScoreView.swift */ = {isa = PBXFileReference; lastKnownFileType = sourcecode.swift; path = ChooseScoreView.swift; sourceTree = "<group>"; };
		0C9756D42B1401F600F2A236 /* SampleCards.swift */ = {isa = PBXFileReference; lastKnownFileType = sourcecode.swift; path = SampleCards.swift; sourceTree = "<group>"; };
		0CCEB4B72B5BD2E20070FF1A /* ShareView.swift */ = {isa = PBXFileReference; lastKnownFileType = sourcecode.swift; path = ShareView.swift; sourceTree = "<group>"; };
		0CCEB4B92B5BFA890070FF1A /* SettingsView.swift */ = {isa = PBXFileReference; lastKnownFileType = sourcecode.swift; path = SettingsView.swift; sourceTree = "<group>"; };
		0CDFF90B2BF2963400C02417 /* Launch Screen.storyboard */ = {isa = PBXFileReference; lastKnownFileType = file.storyboard; path = "Launch Screen.storyboard"; sourceTree = "<group>"; };
		0CDFF90F2BF7B5EC00C02417 /* FlowLayout.swift */ = {isa = PBXFileReference; fileEncoding = 4; lastKnownFileType = sourcecode.swift; path = FlowLayout.swift; sourceTree = "<group>"; };
		0CDFF9112BF7FA4C00C02417 /* MoodLogManager.swift */ = {isa = PBXFileReference; lastKnownFileType = sourcecode.swift; path = MoodLogManager.swift; sourceTree = "<group>"; };
		0CDFF9132BF7FCDF00C02417 /* AppDelegate.swift */ = {isa = PBXFileReference; lastKnownFileType = sourcecode.swift; path = AppDelegate.swift; sourceTree = "<group>"; };
		0CE6F4BB2BB07C48001C4AB3 /* Info.plist */ = {isa = PBXFileReference; lastKnownFileType = text.plist; path = Info.plist; sourceTree = "<group>"; };
		0CE6F4BC2BB35731001C4AB3 /* Theme.swift */ = {isa = PBXFileReference; lastKnownFileType = sourcecode.swift; path = Theme.swift; sourceTree = "<group>"; };
		0CFF09032BFE70B200F3F7F7 /* SplashScreenView.swift */ = {isa = PBXFileReference; lastKnownFileType = sourcecode.swift; path = SplashScreenView.swift; sourceTree = "<group>"; };
/* End PBXFileReference section */

/* Begin PBXFrameworksBuildPhase section */
		0C9756AA2B13DBAB00F2A236 /* Frameworks */ = {
			isa = PBXFrameworksBuildPhase;
			buildActionMask = 2147483647;
			files = (
			);
			runOnlyForDeploymentPostprocessing = 0;
		};
/* End PBXFrameworksBuildPhase section */

/* Begin PBXGroup section */
		0C9756A42B13DBAB00F2A236 = {
			isa = PBXGroup;
			children = (
				0C9756AF2B13DBAB00F2A236 /* FeelingCards */,
				0C9756AE2B13DBAB00F2A236 /* Products */,
			);
			sourceTree = "<group>";
		};
		0C9756AE2B13DBAB00F2A236 /* Products */ = {
			isa = PBXGroup;
			children = (
				0C9756AD2B13DBAB00F2A236 /* FeelingCards.app */,
			);
			name = Products;
			sourceTree = "<group>";
		};
		0C9756AF2B13DBAB00F2A236 /* FeelingCards */ = {
			isa = PBXGroup;
			children = (
				0CE6F4BB2BB07C48001C4AB3 /* Info.plist */,
				0CDFF90B2BF2963400C02417 /* Launch Screen.storyboard */,
				0C9756CA2B13E62900F2A236 /* Utilities */,
				0C9756BF2B13DC0900F2A236 /* Models */,
				0C9756BE2B13DBDA00F2A236 /* Views */,
				0C9756B02B13DBAB00F2A236 /* FeelingCardsApp.swift */,
				0C9756B42B13DBAD00F2A236 /* Assets.xcassets */,
				0C9756B62B13DBAD00F2A236 /* Preview Content */,
			);
			path = FeelingCards;
			sourceTree = "<group>";
		};
		0C9756B62B13DBAD00F2A236 /* Preview Content */ = {
			isa = PBXGroup;
			children = (
				0C9756B72B13DBAD00F2A236 /* Preview Assets.xcassets */,
			);
			path = "Preview Content";
			sourceTree = "<group>";
		};
		0C9756BE2B13DBDA00F2A236 /* Views */ = {
			isa = PBXGroup;
			children = (
				0C1C04022BFFDF8700C6C542 /* AboutView.swift */,
				0C9756C22B13DC4800F2A236 /* AnalyticsView.swift */,
				0C9756C42B13DC5100F2A236 /* CardsView.swift */,
				0C9756C62B13DC5600F2A236 /* CardView.swift */,
				0C8715472B63EF58005F2557 /* ChooseReasonView.swift */,
				0C9756D22B13F51600F2A236 /* ChooseScoreView.swift */,
				0C8715432B62F1D8005F2557 /* ChooseWordsView.swift */,
				0C9756B22B13DBAB00F2A236 /* ContentView.swift */,
				0C9756C82B13DC5900F2A236 /* HistoryView.swift */,
				0C1C04042C007F1D00C6C542 /* HelpView.swift */,
				0CCEB4B92B5BFA890070FF1A /* SettingsView.swift */,
				0CCEB4B72B5BD2E20070FF1A /* ShareView.swift */,
				0CFF09032BFE70B200F3F7F7 /* SplashScreenView.swift */,
			);
			path = Views;
			sourceTree = "<group>";
		};
		0C9756BF2B13DC0900F2A236 /* Models */ = {
			isa = PBXGroup;
			children = (
				0C9756C02B13DC1300F2A236 /* Card.swift */,
				0CE6F4BC2BB35731001C4AB3 /* Theme.swift */,
			);
			path = Models;
			sourceTree = "<group>";
		};
		0C9756CA2B13E62900F2A236 /* Utilities */ = {
			isa = PBXGroup;
			children = (
				0CDFF9132BF7FCDF00C02417 /* AppDelegate.swift */,
				0C9756D02B13EFB400F2A236 /* CardColours.swift */,
				0C9756CD2B13E9D000F2A236 /* CardDetails.swift */,
				0C5467D22B80FDA60004AE45 /* CardGradients.swift */,
				0C9756CB2B13E63F00F2A236 /* DateUtility.swift */,
				0CDFF90F2BF7B5EC00C02417 /* FlowLayout.swift */,
				0CDFF9112BF7FA4C00C02417 /* MoodLogManager.swift */,
				0C9756D42B1401F600F2A236 /* SampleCards.swift */,
				0C8715412B62F18F005F2557 /* WordItem.swift */,
			);
			path = Utilities;
			sourceTree = "<group>";
		};
/* End PBXGroup section */

/* Begin PBXNativeTarget section */
		0C9756AC2B13DBAB00F2A236 /* FeelingCards */ = {
			isa = PBXNativeTarget;
			buildConfigurationList = 0C9756BB2B13DBAD00F2A236 /* Build configuration list for PBXNativeTarget "FeelingCards" */;
			buildPhases = (
				0C9756A92B13DBAB00F2A236 /* Sources */,
				0C9756AA2B13DBAB00F2A236 /* Frameworks */,
				0C9756AB2B13DBAB00F2A236 /* Resources */,
			);
			buildRules = (
			);
			dependencies = (
			);
			name = FeelingCards;
			productName = FeelingCards;
			productReference = 0C9756AD2B13DBAB00F2A236 /* FeelingCards.app */;
			productType = "com.apple.product-type.application";
		};
/* End PBXNativeTarget section */

/* Begin PBXProject section */
		0C9756A52B13DBAB00F2A236 /* Project object */ = {
			isa = PBXProject;
			attributes = {
				BuildIndependentTargetsInParallel = 1;
				LastSwiftUpdateCheck = 1500;
				LastUpgradeCheck = 1500;
				TargetAttributes = {
					0C9756AC2B13DBAB00F2A236 = {
						CreatedOnToolsVersion = 15.0;
					};
				};
			};
			buildConfigurationList = 0C9756A82B13DBAB00F2A236 /* Build configuration list for PBXProject "FeelingCards" */;
			compatibilityVersion = "Xcode 14.0";
			developmentRegion = en;
			hasScannedForEncodings = 0;
			knownRegions = (
				en,
				Base,
			);
			mainGroup = 0C9756A42B13DBAB00F2A236;
			productRefGroup = 0C9756AE2B13DBAB00F2A236 /* Products */;
			projectDirPath = "";
			projectRoot = "";
			targets = (
				0C9756AC2B13DBAB00F2A236 /* FeelingCards */,
			);
		};
/* End PBXProject section */

/* Begin PBXResourcesBuildPhase section */
		0C9756AB2B13DBAB00F2A236 /* Resources */ = {
			isa = PBXResourcesBuildPhase;
			buildActionMask = 2147483647;
			files = (
				0CDFF90C2BF2963400C02417 /* Launch Screen.storyboard in Resources */,
				0C9756B82B13DBAD00F2A236 /* Preview Assets.xcassets in Resources */,
				0C9756B52B13DBAD00F2A236 /* Assets.xcassets in Resources */,
			);
			runOnlyForDeploymentPostprocessing = 0;
		};
/* End PBXResourcesBuildPhase section */

/* Begin PBXSourcesBuildPhase section */
		0C9756A92B13DBAB00F2A236 /* Sources */ = {
			isa = PBXSourcesBuildPhase;
			buildActionMask = 2147483647;
			files = (
				0CDFF9142BF7FCDF00C02417 /* AppDelegate.swift in Sources */,
				0CCEB4BA2B5BFA890070FF1A /* SettingsView.swift in Sources */,
				0C9756CC2B13E63F00F2A236 /* DateUtility.swift in Sources */,
				0C9756C92B13DC5900F2A236 /* HistoryView.swift in Sources */,
				0C8715422B62F18F005F2557 /* WordItem.swift in Sources */,
				0C9756B32B13DBAB00F2A236 /* ContentView.swift in Sources */,
				0C1C04032BFFDF8700C6C542 /* AboutView.swift in Sources */,
				0CE6F4BD2BB35731001C4AB3 /* Theme.swift in Sources */,
				0CFF09042BFE70B200F3F7F7 /* SplashScreenView.swift in Sources */,
				0C9756C52B13DC5100F2A236 /* CardsView.swift in Sources */,
				0C9756CE2B13E9D000F2A236 /* CardDetails.swift in Sources */,
				0C9756D12B13EFB400F2A236 /* CardColours.swift in Sources */,
				0C9756D32B13F51600F2A236 /* ChooseScoreView.swift in Sources */,
				0C9756D52B1401F600F2A236 /* SampleCards.swift in Sources */,
				0C8715482B63EF58005F2557 /* ChooseReasonView.swift in Sources */,
				0C9756C12B13DC1300F2A236 /* Card.swift in Sources */,
				0C5467D32B80FDA60004AE45 /* CardGradients.swift in Sources */,
				0CCEB4B82B5BD2E20070FF1A /* ShareView.swift in Sources */,
				0CDFF9122BF7FA4C00C02417 /* MoodLogManager.swift in Sources */,
				0C8715442B62F1D8005F2557 /* ChooseWordsView.swift in Sources */,
				0C9756C32B13DC4800F2A236 /* AnalyticsView.swift in Sources */,
				0C1C04052C007F1D00C6C542 /* HelpView.swift in Sources */,
				0CDFF9102BF7B5EC00C02417 /* FlowLayout.swift in Sources */,
				0C9756C72B13DC5600F2A236 /* CardView.swift in Sources */,
				0C9756B12B13DBAB00F2A236 /* FeelingCardsApp.swift in Sources */,
			);
			runOnlyForDeploymentPostprocessing = 0;
		};
/* End PBXSourcesBuildPhase section */

/* Begin XCBuildConfiguration section */
		0C9756B92B13DBAD00F2A236 /* Debug */ = {
			isa = XCBuildConfiguration;
			buildSettings = {
				ALWAYS_SEARCH_USER_PATHS = NO;
				ASSETCATALOG_COMPILER_GENERATE_SWIFT_ASSET_SYMBOL_EXTENSIONS = YES;
				CLANG_ANALYZER_NONNULL = YES;
				CLANG_ANALYZER_NUMBER_OBJECT_CONVERSION = YES_AGGRESSIVE;
				CLANG_CXX_LANGUAGE_STANDARD = "gnu++20";
				CLANG_ENABLE_MODULES = YES;
				CLANG_ENABLE_OBJC_ARC = YES;
				CLANG_ENABLE_OBJC_WEAK = YES;
				CLANG_WARN_BLOCK_CAPTURE_AUTORELEASING = YES;
				CLANG_WARN_BOOL_CONVERSION = YES;
				CLANG_WARN_COMMA = YES;
				CLANG_WARN_CONSTANT_CONVERSION = YES;
				CLANG_WARN_DEPRECATED_OBJC_IMPLEMENTATIONS = YES;
				CLANG_WARN_DIRECT_OBJC_ISA_USAGE = YES_ERROR;
				CLANG_WARN_DOCUMENTATION_COMMENTS = YES;
				CLANG_WARN_EMPTY_BODY = YES;
				CLANG_WARN_ENUM_CONVERSION = YES;
				CLANG_WARN_INFINITE_RECURSION = YES;
				CLANG_WARN_INT_CONVERSION = YES;
				CLANG_WARN_NON_LITERAL_NULL_CONVERSION = YES;
				CLANG_WARN_OBJC_IMPLICIT_RETAIN_SELF = YES;
				CLANG_WARN_OBJC_LITERAL_CONVERSION = YES;
				CLANG_WARN_OBJC_ROOT_CLASS = YES_ERROR;
				CLANG_WARN_QUOTED_INCLUDE_IN_FRAMEWORK_HEADER = YES;
				CLANG_WARN_RANGE_LOOP_ANALYSIS = YES;
				CLANG_WARN_STRICT_PROTOTYPES = YES;
				CLANG_WARN_SUSPICIOUS_MOVE = YES;
				CLANG_WARN_UNGUARDED_AVAILABILITY = YES_AGGRESSIVE;
				CLANG_WARN_UNREACHABLE_CODE = YES;
				CLANG_WARN__DUPLICATE_METHOD_MATCH = YES;
				COPY_PHASE_STRIP = NO;
				DEBUG_INFORMATION_FORMAT = dwarf;
				ENABLE_STRICT_OBJC_MSGSEND = YES;
				ENABLE_TESTABILITY = YES;
				ENABLE_USER_SCRIPT_SANDBOXING = YES;
				GCC_C_LANGUAGE_STANDARD = gnu17;
				GCC_DYNAMIC_NO_PIC = NO;
				GCC_NO_COMMON_BLOCKS = YES;
				GCC_OPTIMIZATION_LEVEL = 0;
				GCC_PREPROCESSOR_DEFINITIONS = (
					"DEBUG=1",
					"$(inherited)",
				);
				GCC_WARN_64_TO_32_BIT_CONVERSION = YES;
				GCC_WARN_ABOUT_RETURN_TYPE = YES_ERROR;
				GCC_WARN_UNDECLARED_SELECTOR = YES;
				GCC_WARN_UNINITIALIZED_AUTOS = YES_AGGRESSIVE;
				GCC_WARN_UNUSED_FUNCTION = YES;
				GCC_WARN_UNUSED_VARIABLE = YES;
				IPHONEOS_DEPLOYMENT_TARGET = 17.0;
				LOCALIZATION_PREFERS_STRING_CATALOGS = YES;
				MTL_ENABLE_DEBUG_INFO = INCLUDE_SOURCE;
				MTL_FAST_MATH = YES;
				ONLY_ACTIVE_ARCH = YES;
				SDKROOT = iphoneos;
				SWIFT_ACTIVE_COMPILATION_CONDITIONS = "DEBUG $(inherited)";
				SWIFT_OPTIMIZATION_LEVEL = "-Onone";
			};
			name = Debug;
		};
		0C9756BA2B13DBAD00F2A236 /* Release */ = {
			isa = XCBuildConfiguration;
			buildSettings = {
				ALWAYS_SEARCH_USER_PATHS = NO;
				ASSETCATALOG_COMPILER_GENERATE_SWIFT_ASSET_SYMBOL_EXTENSIONS = YES;
				CLANG_ANALYZER_NONNULL = YES;
				CLANG_ANALYZER_NUMBER_OBJECT_CONVERSION = YES_AGGRESSIVE;
				CLANG_CXX_LANGUAGE_STANDARD = "gnu++20";
				CLANG_ENABLE_MODULES = YES;
				CLANG_ENABLE_OBJC_ARC = YES;
				CLANG_ENABLE_OBJC_WEAK = YES;
				CLANG_WARN_BLOCK_CAPTURE_AUTORELEASING = YES;
				CLANG_WARN_BOOL_CONVERSION = YES;
				CLANG_WARN_COMMA = YES;
				CLANG_WARN_CONSTANT_CONVERSION = YES;
				CLANG_WARN_DEPRECATED_OBJC_IMPLEMENTATIONS = YES;
				CLANG_WARN_DIRECT_OBJC_ISA_USAGE = YES_ERROR;
				CLANG_WARN_DOCUMENTATION_COMMENTS = YES;
				CLANG_WARN_EMPTY_BODY = YES;
				CLANG_WARN_ENUM_CONVERSION = YES;
				CLANG_WARN_INFINITE_RECURSION = YES;
				CLANG_WARN_INT_CONVERSION = YES;
				CLANG_WARN_NON_LITERAL_NULL_CONVERSION = YES;
				CLANG_WARN_OBJC_IMPLICIT_RETAIN_SELF = YES;
				CLANG_WARN_OBJC_LITERAL_CONVERSION = YES;
				CLANG_WARN_OBJC_ROOT_CLASS = YES_ERROR;
				CLANG_WARN_QUOTED_INCLUDE_IN_FRAMEWORK_HEADER = YES;
				CLANG_WARN_RANGE_LOOP_ANALYSIS = YES;
				CLANG_WARN_STRICT_PROTOTYPES = YES;
				CLANG_WARN_SUSPICIOUS_MOVE = YES;
				CLANG_WARN_UNGUARDED_AVAILABILITY = YES_AGGRESSIVE;
				CLANG_WARN_UNREACHABLE_CODE = YES;
				CLANG_WARN__DUPLICATE_METHOD_MATCH = YES;
				COPY_PHASE_STRIP = NO;
				DEBUG_INFORMATION_FORMAT = "dwarf-with-dsym";
				ENABLE_NS_ASSERTIONS = NO;
				ENABLE_STRICT_OBJC_MSGSEND = YES;
				ENABLE_USER_SCRIPT_SANDBOXING = YES;
				GCC_C_LANGUAGE_STANDARD = gnu17;
				GCC_NO_COMMON_BLOCKS = YES;
				GCC_WARN_64_TO_32_BIT_CONVERSION = YES;
				GCC_WARN_ABOUT_RETURN_TYPE = YES_ERROR;
				GCC_WARN_UNDECLARED_SELECTOR = YES;
				GCC_WARN_UNINITIALIZED_AUTOS = YES_AGGRESSIVE;
				GCC_WARN_UNUSED_FUNCTION = YES;
				GCC_WARN_UNUSED_VARIABLE = YES;
				IPHONEOS_DEPLOYMENT_TARGET = 17.0;
				LOCALIZATION_PREFERS_STRING_CATALOGS = YES;
				MTL_ENABLE_DEBUG_INFO = NO;
				MTL_FAST_MATH = YES;
				SDKROOT = iphoneos;
				SWIFT_COMPILATION_MODE = wholemodule;
				VALIDATE_PRODUCT = YES;
			};
			name = Release;
		};
		0C9756BC2B13DBAD00F2A236 /* Debug */ = {
			isa = XCBuildConfiguration;
			buildSettings = {
				ASSETCATALOG_COMPILER_APPICON_NAME = AppIcon;
				ASSETCATALOG_COMPILER_GLOBAL_ACCENT_COLOR_NAME = AccentColor;
				ASSETCATALOG_COMPILER_INCLUDE_ALL_APPICON_ASSETS = NO;
				CODE_SIGN_STYLE = Automatic;
				CURRENT_PROJECT_VERSION = 1;
				DEVELOPMENT_ASSET_PATHS = "\"FeelingCards/Preview Content\"";
				DEVELOPMENT_TEAM = PRK7WG5WVU;
				ENABLE_PREVIEWS = YES;
				GENERATE_INFOPLIST_FILE = YES;
				INFOPLIST_FILE = FeelingCards/Info.plist;
				INFOPLIST_KEY_CFBundleDisplayName = "Mood Share";
				INFOPLIST_KEY_LSApplicationCategoryType = "public.app-category.healthcare-fitness";
				INFOPLIST_KEY_UIApplicationSceneManifest_Generation = YES;
				INFOPLIST_KEY_UIApplicationSupportsIndirectInputEvents = YES;
				INFOPLIST_KEY_UILaunchStoryboardName = "Launch Screen.storyboard";
				INFOPLIST_KEY_UISupportedInterfaceOrientations = UIInterfaceOrientationPortrait;
				INFOPLIST_KEY_UISupportedInterfaceOrientations_iPad = "UIInterfaceOrientationLandscapeLeft UIInterfaceOrientationLandscapeRight UIInterfaceOrientationPortrait UIInterfaceOrientationPortraitUpsideDown";
				IPHONEOS_DEPLOYMENT_TARGET = 17.0;
				LD_RUNPATH_SEARCH_PATHS = (
					"$(inherited)",
					"@executable_path/Frameworks",
				);
				MARKETING_VERSION = 1.0.0;
				PRODUCT_BUNDLE_IDENTIFIER = co.waynegeorge.FeelingCards;
				PRODUCT_NAME = "$(TARGET_NAME)";
				SUPPORTED_PLATFORMS = "iphoneos iphonesimulator";
				SUPPORTS_MACCATALYST = NO;
				SUPPORTS_MAC_DESIGNED_FOR_IPHONE_IPAD = NO;
				SUPPORTS_XR_DESIGNED_FOR_IPHONE_IPAD = NO;
				SWIFT_EMIT_LOC_STRINGS = YES;
				SWIFT_VERSION = 5.0;
				TARGETED_DEVICE_FAMILY = 1;
			};
			name = Debug;
		};
		0C9756BD2B13DBAD00F2A236 /* Release */ = {
			isa = XCBuildConfiguration;
			buildSettings = {
				ASSETCATALOG_COMPILER_APPICON_NAME = AppIcon;
				ASSETCATALOG_COMPILER_GLOBAL_ACCENT_COLOR_NAME = AccentColor;
				ASSETCATALOG_COMPILER_INCLUDE_ALL_APPICON_ASSETS = NO;
				CODE_SIGN_STYLE = Automatic;
				CURRENT_PROJECT_VERSION = 1;
				DEVELOPMENT_ASSET_PATHS = "\"FeelingCards/Preview Content\"";
				DEVELOPMENT_TEAM = PRK7WG5WVU;
				ENABLE_PREVIEWS = YES;
				GENERATE_INFOPLIST_FILE = YES;
				INFOPLIST_FILE = FeelingCards/Info.plist;
				INFOPLIST_KEY_CFBundleDisplayName = "Mood Share";
				INFOPLIST_KEY_LSApplicationCategoryType = "public.app-category.healthcare-fitness";
				INFOPLIST_KEY_UIApplicationSceneManifest_Generation = YES;
				INFOPLIST_KEY_UIApplicationSupportsIndirectInputEvents = YES;
				INFOPLIST_KEY_UILaunchStoryboardName = "Launch Screen.storyboard";
				INFOPLIST_KEY_UISupportedInterfaceOrientations = UIInterfaceOrientationPortrait;
				INFOPLIST_KEY_UISupportedInterfaceOrientations_iPad = "UIInterfaceOrientationLandscapeLeft UIInterfaceOrientationLandscapeRight UIInterfaceOrientationPortrait UIInterfaceOrientationPortraitUpsideDown";
				IPHONEOS_DEPLOYMENT_TARGET = 17.0;
				LD_RUNPATH_SEARCH_PATHS = (
					"$(inherited)",
					"@executable_path/Frameworks",
				);
				MARKETING_VERSION = 1.0.0;
				PRODUCT_BUNDLE_IDENTIFIER = co.waynegeorge.FeelingCards;
				PRODUCT_NAME = "$(TARGET_NAME)";
				SUPPORTED_PLATFORMS = "iphoneos iphonesimulator";
				SUPPORTS_MACCATALYST = NO;
				SUPPORTS_MAC_DESIGNED_FOR_IPHONE_IPAD = NO;
				SUPPORTS_XR_DESIGNED_FOR_IPHONE_IPAD = NO;
				SWIFT_EMIT_LOC_STRINGS = YES;
				SWIFT_VERSION = 5.0;
				TARGETED_DEVICE_FAMILY = 1;
			};
			name = Release;
		};
/* End XCBuildConfiguration section */

/* Begin XCConfigurationList section */
		0C9756A82B13DBAB00F2A236 /* Build configuration list for PBXProject "FeelingCards" */ = {
			isa = XCConfigurationList;
			buildConfigurations = (
				0C9756B92B13DBAD00F2A236 /* Debug */,
				0C9756BA2B13DBAD00F2A236 /* Release */,
			);
			defaultConfigurationIsVisible = 0;
			defaultConfigurationName = Release;
		};
		0C9756BB2B13DBAD00F2A236 /* Build configuration list for PBXNativeTarget "FeelingCards" */ = {
			isa = XCConfigurationList;
			buildConfigurations = (
				0C9756BC2B13DBAD00F2A236 /* Debug */,
				0C9756BD2B13DBAD00F2A236 /* Release */,
			);
			defaultConfigurationIsVisible = 0;
			defaultConfigurationName = Release;
		};
/* End XCConfigurationList section */
	};
	rootObject = 0C9756A52B13DBAB00F2A236 /* Project object */;
}
